
Microsoft Visual Studio Solution File, Format Version 12.00
# Visual Studio Version 17
VisualStudioVersion = 17.10.35122.118
MinimumVisualStudioVersion = 10.0.40219.1
Project("{FAE04EC0-301F-11D3-BF4B-00C04F79EFBC}") = "WinFormsApp3", "WinFormsApp3\WinFormsApp3.csproj", "{BB3210B8-E893-4337-93AC-B41C07C2BD92}"
EndProject
Global
	GlobalSection(SolutionConfigurationPlatforms) = preSolution
		Debug|Any CPU = Debug|Any CPU
		Release|Any CPU = Release|Any CPU
	EndGlobalSection
	GlobalSection(ProjectConfigurationPlatforms) = postSolution
		{BB3210B8-E893-4337-93AC-B41C07C2BD92}.Debug|Any CPU.ActiveCfg = Debug|Any CPU
		{BB3210B8-E893-4337-93AC-B41C07C2BD92}.Debug|Any CPU.Build.0 = Debug|Any CPU
		{BB3210B8-E893-4337-93AC-B41C07C2BD92}.Release|Any CPU.ActiveCfg = Release|Any CPU
		{BB3210B8-E893-4337-93AC-B41C07C2BD92}.Release|Any CPU.Build.0 = Release|Any CPU
	EndGlobalSection
	GlobalSection(SolutionProperties) = preSolution
		HideSolutionNode = FALSE
	EndGlobalSection
	GlobalSection(ExtensibilityGlobals) = postSolution
		SolutionGuid = {6C01F96C-4DA5-44B0-A725-07A4853806BF}
	EndGlobalSection
EndGlobal
